dependencies:
- name: grafana
  repository: https://grafana.github.io/helm-charts
  version: 6.6.3
- name: loki
  repository: https://grafana.github.io/helm-charts
  version: 2.5.0
- name: promtail
  repository: https://grafana.github.io/helm-charts
  version: 3.5.0
digest: sha256:074ec5ab2e9d30c7e2a130d08b31dff256d034bd2223b8e4cd28858a795f747a
generated: "2021-03-18T15:20:17.396694+01:00"
